
Microsoft Visual Studio Solution File, Format Version 12.00
# Visual Studio Version 16
VisualStudioVersion = 16.0.31515.178
MinimumVisualStudioVersion = 10.0.40219.1
Project("{FAE04EC0-301F-11D3-BF4B-00C04F79EFBC}") = "OrdenesCosmeticos.Server", "OrdenesCosmeticos\Server\OrdenesCosmeticos.Server.csproj", "{75B34096-3574-4D68-AB65-610E2BE58D8F}"
EndProject
Project("{FAE04EC0-301F-11D3-BF4B-00C04F79EFBC}") = "OrdenesCosmeticos.Client", "OrdenesCosmeticos\Client\OrdenesCosmeticos.Client.csproj", "{8800B40E-A278-4FA0-B2D4-166025C9DF7C}"
EndProject
Project("{FAE04EC0-301F-11D3-BF4B-00C04F79EFBC}") = "OrdenesCosmeticos.Shared", "OrdenesCosmeticos\Shared\OrdenesCosmeticos.Shared.csproj", "{9023A4D3-0035-4D26-AF3A-E569E950FAC4}"
EndProject
Global
	GlobalSection(SolutionConfigurationPlatforms) = preSolution
		Debug|Any CPU = Debug|Any CPU
		Release|Any CPU = Release|Any CPU
	EndGlobalSection
	GlobalSection(ProjectConfigurationPlatforms) = postSolution
		{75B34096-3574-4D68-AB65-610E2BE58D8F}.Debug|Any CPU.ActiveCfg = Debug|Any CPU
		{75B34096-3574-4D68-AB65-610E2BE58D8F}.Debug|Any CPU.Build.0 = Debug|Any CPU
		{75B34096-3574-4D68-AB65-610E2BE58D8F}.Release|Any CPU.ActiveCfg = Release|Any CPU
		{75B34096-3574-4D68-AB65-610E2BE58D8F}.Release|Any CPU.Build.0 = Release|Any CPU
		{8800B40E-A278-4FA0-B2D4-166025C9DF7C}.Debug|Any CPU.ActiveCfg = Debug|Any CPU
		{8800B40E-A278-4FA0-B2D4-166025C9DF7C}.Debug|Any CPU.Build.0 = Debug|Any CPU
		{8800B40E-A278-4FA0-B2D4-166025C9DF7C}.Release|Any CPU.ActiveCfg = Release|Any CPU
		{8800B40E-A278-4FA0-B2D4-166025C9DF7C}.Release|Any CPU.Build.0 = Release|Any CPU
		{9023A4D3-0035-4D26-AF3A-E569E950FAC4}.Debug|Any CPU.ActiveCfg = Debug|Any CPU
		{9023A4D3-0035-4D26-AF3A-E569E950FAC4}.Debug|Any CPU.Build.0 = Debug|Any CPU
		{9023A4D3-0035-4D26-AF3A-E569E950FAC4}.Release|Any CPU.ActiveCfg = Release|Any CPU
		{9023A4D3-0035-4D26-AF3A-E569E950FAC4}.Release|Any CPU.Build.0 = Release|Any CPU
	EndGlobalSection
	GlobalSection(SolutionProperties) = preSolution
		HideSolutionNode = FALSE
	EndGlobalSection
	GlobalSection(ExtensibilityGlobals) = postSolution
		SolutionGuid = {8B5DAD23-F8F9-41F7-821A-5AAB2D27AD1B}
	EndGlobalSection
EndGlobal
